{
  "originHash" : "742a2f18d123be1d1b941104cc7ee1722ad9e97aef8629a3ad3bcd2c3b8b9dd4",
  "pins" : [
    {
      "identity" : "fichiers",
      "kind" : "remoteSourceControl",
      "location" : "http://github.com/oliveware/Fichiers",
      "state" : {
        "branch" : "main",
        "revision" : "ecffa3bc4e8248d59118ccdec3c3a14a1d8a10db"
      }
    },
    {
      "identity" : "taxionomy",
      "kind" : "remoteSourceControl",
      "location" : "http://github.com/oliveware/Taxionomy",
      "state" : {
        "branch" : "main",
        "revision" : "d58e6538f93510104f39dc2f66160bb8ed2902d0"
      }
    }
  ],
  "version" : 3
}
