{
  "originHash" : "742a2f18d123be1d1b941104cc7ee1722ad9e97aef8629a3ad3bcd2c3b8b9dd4",
  "pins" : [
    {
      "identity" : "fichiers",
      "kind" : "remoteSourceControl",
      "location" : "http://github.com/oliveware/Fichiers",
      "state" : {
        "branch" : "main",
        "revision" : "80a017a3d5d41e2787474dc76c404cd797a3b1e1"
      }
    },
    {
      "identity" : "taxionomy",
      "kind" : "remoteSourceControl",
      "location" : "http://github.com/oliveware/Taxionomy",
      "state" : {
        "branch" : "main",
        "revision" : "4393261c7fcc77f8fafc45bc4ea51cd5710777ec"
      }
    }
  ],
  "version" : 3
}
